<?xml version="1.0" encoding="utf-8"?>
<Project ToolsVersion="4.0" xmlns="http://schemas.microsoft.com/developer/msbuild/2003">
  <ItemGroup>
    <Filter Include="core">
      <UniqueIdentifier>{4E40957C-3A77-960D-E363-7C10CF79120F}</UniqueIdentifier>
    </Filter>
    <Filter Include="core\modules">
      <UniqueIdentifier>{36D3A10C-2236-31B1-CBBB-6967B7FDFC33}</UniqueIdentifier>
    </Filter>
    <Filter Include="core\modules\console_output">
      <UniqueIdentifier>{C805ADB6-3413-DB9C-BDF9-D6872906A753}</UniqueIdentifier>
    </Filter>
    <Filter Include="core\modules\misc">
      <UniqueIdentifier>{D15744CB-3D6E-4261-86E5-CD82F23A13E9}</UniqueIdentifier>
    </Filter>
    <Filter Include="core\modules\rendering">
      <UniqueIdentifier>{23B8556C-0FB2-7EBE-F81E-15CFE4B7E42A}</UniqueIdentifier>
    </Filter>
    <Filter Include="core\modules\time">
      <UniqueIdentifier>{B42D48CB-2044-4661-69BB-D182D51017E9}</UniqueIdentifier>
    </Filter>
  </ItemGroup>
  <ItemGroup>
    <ClInclude Include="src\core\modules\console_output\pond_console.h">
      <Filter>core\modules\console_output</Filter>
    </ClInclude>
    <ClInclude Include="src\core\modules\misc\pond_helper_functions.h">
      <Filter>core\modules\misc</Filter>
    </ClInclude>
    <ClInclude Include="src\core\modules\rendering\pond_rendering.h">
      <Filter>core\modules\rendering</Filter>
    </ClInclude>
    <ClInclude Include="src\core\modules\time\pond_time.h">
      <Filter>core\modules\time</Filter>
    </ClInclude>
    <ClInclude Include="src\core\pond_core.h">
      <Filter>core</Filter>
    </ClInclude>
    <ClInclude Include="src\core\pond_extern_includes.h">
      <Filter>core</Filter>
    </ClInclude>
    <ClInclude Include="src\core\pond_includes.h">
      <Filter>core</Filter>
    </ClInclude>
    <ClInclude Include="src\core\pond_modules.h">
      <Filter>core</Filter>
    </ClInclude>
    <ClInclude Include="src\core\sdl\pond_sdl.h">
      <Filter>core</Filter>
    </ClInclude>
    <ClInclude Include="src\pond.h" />
    <ClInclude Include="src\core\pond_basic_structs.h" />
  </ItemGroup>
  <ItemGroup>
    <ClCompile Include="src\core\modules\console_output\pond_console.c">
      <Filter>core\modules\console_output</Filter>
    </ClCompile>
    <ClCompile Include="src\core\modules\rendering\pond_rendering.c">
      <Filter>core\modules\rendering</Filter>
    </ClCompile>
    <ClCompile Include="src\core\modules\time\pond_time.c">
      <Filter>core\modules\time</Filter>
    </ClCompile>
    <ClCompile Include="src\core\sdl\pond_sdl.c">
      <Filter>core</Filter>
    </ClCompile>
    <ClCompile Include="src\pond.c" />
  </ItemGroup>
</Project>