<?xml version="1.0" encoding="utf-8"?>
<Project ToolsVersion="4.0" xmlns="http://schemas.microsoft.com/developer/msbuild/2003">
  <ItemGroup>
    <Filter Include="core">
      <UniqueIdentifier>{4E40957C-3A77-960D-E363-7C10CF79120F}</UniqueIdentifier>
    </Filter>
    <Filter Include="core\modules">
      <UniqueIdentifier>{36D3A10C-2236-31B1-CBBB-6967B7FDFC33}</UniqueIdentifier>
    </Filter>
    <Filter Include="core\modules\console_output">
      <UniqueIdentifier>{C805ADB6-3413-DB9C-BDF9-D6872906A753}</UniqueIdentifier>
    </Filter>
  </ItemGroup>
  <ItemGroup>
    <ClInclude Include="src\core\modules\console_output\pond_print.h">
      <Filter>core\modules\console_output</Filter>
    </ClInclude>
    <ClInclude Include="src\core\pond_core.h">
      <Filter>core</Filter>
    </ClInclude>
    <ClInclude Include="src\core\pond_includes.h">
      <Filter>core</Filter>
    </ClInclude>
    <ClInclude Include="src\core\pond_init_sdl.h">
      <Filter>core</Filter>
    </ClInclude>
    <ClInclude Include="src\pond.h" />
  </ItemGroup>
  <ItemGroup>
    <ClCompile Include="src\core\modules\console_output\pond_print.c">
      <Filter>core\modules\console_output</Filter>
    </ClCompile>
    <ClCompile Include="src\core\pond_init_sdl.c">
      <Filter>core</Filter>
    </ClCompile>
    <ClCompile Include="src\pond.c" />
  </ItemGroup>
</Project>